{
    "_meta": {
        "hash": {
            "sha256": "745dd282b3ec848ac6759160657b1690a8601a9d40e2958b24c2675bcbfb287d"
        },
        "pipfile-spec": 6,
        "requires": {
            "python_version": "3.9"
        },
        "sources": [
            {
                "name": "pypi",
                "url": "https://pypi.org/simple",
                "verify_ssl": true
            }
        ]
    },
    "default": {
        "pytube": {
            "hashes": [
                "sha256:21d2d151e6525f9f79401ae7a74a7de1e2bb1c00ede5d77c89e22d496389c5f1",
                "sha256:bf2b350e8e991f82b874928f5f1ba1a733a9848d650b01b08fabdf85eea15356"
            ],
            "index": "pypi",
            "version": "==11.0.2"
        },
        "tk": {
            "hashes": [
                "sha256:60bc8923d5d35f67f5c6bd93d4f0c49d2048114ec077768f959aef36d4ed97f8",
                "sha256:703a69ff0d5ba2bd2f7440582ad10160e4a6561595d33457dc6caa79b9bf4930"
            ],
            "index": "pypi",
            "version": "==0.1.0"
        }
    },
    "develop": {}
}
